// !$*UTF8*$!
{
	archiveVersion = 1;
	classes = {
	};
	objectVersion = 56;
	objects = {

/* Begin PBXBuildFile section */
		7143A84F29FD91AD0064413A /* FreshApp.swift in Sources */ = {isa = PBXBuildFile; fileRef = 7143A84E29FD91AD0064413A /* FreshApp.swift */; };
		7143A85129FD91AD0064413A /* ContentView.swift in Sources */ = {isa = PBXBuildFile; fileRef = 7143A85029FD91AD0064413A /* ContentView.swift */; };
		7143A85329FD91AE0064413A /* Assets.xcassets in Resources */ = {isa = PBXBuildFile; fileRef = 7143A85229FD91AE0064413A /* Assets.xcassets */; };
		7143A85629FD91AE0064413A /* Preview Assets.xcassets in Resources */ = {isa = PBXBuildFile; fileRef = 7143A85529FD91AE0064413A /* Preview Assets.xcassets */; };
		7143A86029FD91AE0064413A /* FreshTests.swift in Sources */ = {isa = PBXBuildFile; fileRef = 7143A85F29FD91AE0064413A /* FreshTests.swift */; };
		7143A86A29FD91AE0064413A /* FreshUITests.swift in Sources */ = {isa = PBXBuildFile; fileRef = 7143A86929FD91AE0064413A /* FreshUITests.swift */; };
		7143A86C29FD91AE0064413A /* FreshUITestsLaunchTests.swift in Sources */ = {isa = PBXBuildFile; fileRef = 7143A86B29FD91AE0064413A /* FreshUITestsLaunchTests.swift */; };
		714985122A00193C000EE8DA /* SplashView.swift in Sources */ = {isa = PBXBuildFile; fileRef = 714985112A00193C000EE8DA /* SplashView.swift */; };
		714B353A29FEE4010062ED6E /* AppDelegate.swift in Sources */ = {isa = PBXBuildFile; fileRef = 714B353929FEE4010062ED6E /* AppDelegate.swift */; };
/* End PBXBuildFile section */

/* Begin PBXContainerItemProxy section */
		7143A85C29FD91AE0064413A /* PBXContainerItemProxy */ = {
			isa = PBXContainerItemProxy;
			containerPortal = 7143A84329FD91AD0064413A /* Project object */;
			proxyType = 1;
			remoteGlobalIDString = 7143A84A29FD91AD0064413A;
			remoteInfo = Fresh;
		};
		7143A86629FD91AE0064413A /* PBXContainerItemProxy */ = {
			isa = PBXContainerItemProxy;
			containerPortal = 7143A84329FD91AD0064413A /* Project object */;
			proxyType = 1;
			remoteGlobalIDString = 7143A84A29FD91AD0064413A;
			remoteInfo = Fresh;
		};
/* End PBXContainerItemProxy section */

/* Begin PBXFileReference section */
		7143A84B29FD91AD0064413A /* Fresh.app */ = {isa = PBXFileReference; explicitFileType = wrapper.application; includeInIndex = 0; path = Fresh.app; sourceTree = BUILT_PRODUCTS_DIR; };
		7143A84E29FD91AD0064413A /* FreshApp.swift */ = {isa = PBXFileReference; lastKnownFileType = sourcecode.swift; path = FreshApp.swift; sourceTree = "<group>"; };
		7143A85029FD91AD0064413A /* ContentView.swift */ = {isa = PBXFileReference; lastKnownFileType = sourcecode.swift; path = ContentView.swift; sourceTree = "<group>"; };
		7143A85229FD91AE0064413A /* Assets.xcassets */ = {isa = PBXFileReference; lastKnownFileType = folder.assetcatalog; path = Assets.xcassets; sourceTree = "<group>"; };
		7143A85529FD91AE0064413A /* Preview Assets.xcassets */ = {isa = PBXFileReference; lastKnownFileType = folder.assetcatalog; path = "Preview Assets.xcassets"; sourceTree = "<group>"; };
		7143A85B29FD91AE0064413A /* FreshTests.xctest */ = {isa = PBXFileReference; explicitFileType = wrapper.cfbundle; includeInIndex = 0; path = FreshTests.xctest; sourceTree = BUILT_PRODUCTS_DIR; };
		7143A85F29FD91AE0064413A /* FreshTests.swift */ = {isa = PBXFileReference; lastKnownFileType = sourcecode.swift; path = FreshTests.swift; sourceTree = "<group>"; };
		7143A86529FD91AE0064413A /* FreshUITests.xctest */ = {isa = PBXFileReference; explicitFileType = wrapper.cfbundle; includeInIndex = 0; path = FreshUITests.xctest; sourceTree = BUILT_PRODUCTS_DIR; };
		7143A86929FD91AE0064413A /* FreshUITests.swift */ = {isa = PBXFileReference; lastKnownFileType = sourcecode.swift; path = FreshUITests.swift; sourceTree = "<group>"; };
		7143A86B29FD91AE0064413A /* FreshUITestsLaunchTests.swift */ = {isa = PBXFileReference; lastKnownFileType = sourcecode.swift; path = FreshUITestsLaunchTests.swift; sourceTree = "<group>"; };
		714985112A00193C000EE8DA /* SplashView.swift */ = {isa = PBXFileReference; lastKnownFileType = sourcecode.swift; path = SplashView.swift; sourceTree = "<group>"; };
		714B353929FEE4010062ED6E /* AppDelegate.swift */ = {isa = PBXFileReference; lastKnownFileType = sourcecode.swift; path = AppDelegate.swift; sourceTree = "<group>"; };
/* End PBXFileReference section */

/* Begin PBXFrameworksBuildPhase section */
		7143A84829FD91AD0064413A /* Frameworks */ = {
			isa = PBXFrameworksBuildPhase;
			buildActionMask = 2147483647;
			files = (
			);
			runOnlyForDeploymentPostprocessing = 0;
		};
		7143A85829FD91AE0064413A /* Frameworks */ = {
			isa = PBXFrameworksBuildPhase;
			buildActionMask = 2147483647;
			files = (
			);
			runOnlyForDeploymentPostprocessing = 0;
		};
		7143A86229FD91AE0064413A /* Frameworks */ = {
			isa = PBXFrameworksBuildPhase;
			buildActionMask = 2147483647;
			files = (
			);
			runOnlyForDeploymentPostprocessing = 0;
		};
/* End PBXFrameworksBuildPhase section */

/* Begin PBXGroup section */
		71423F3E29FDC6F900BABE4A /* Recources */ = {
			isa = PBXGroup;
			children = (
				7143A85429FD91AE0064413A /* Preview Content */,
				7143A85229FD91AE0064413A /* Assets.xcassets */,
			);
			path = Recources;
			sourceTree = "<group>";
		};
		7143A84229FD91AD0064413A = {
			isa = PBXGroup;
			children = (
				7143A84D29FD91AD0064413A /* Fresh */,
				7143A85E29FD91AE0064413A /* FreshTests */,
				7143A86829FD91AE0064413A /* FreshUITests */,
				7143A84C29FD91AD0064413A /* Products */,
			);
			sourceTree = "<group>";
		};
		7143A84C29FD91AD0064413A /* Products */ = {
			isa = PBXGroup;
			children = (
				7143A84B29FD91AD0064413A /* Fresh.app */,
				7143A85B29FD91AE0064413A /* FreshTests.xctest */,
				7143A86529FD91AE0064413A /* FreshUITests.xctest */,
			);
			name = Products;
			sourceTree = "<group>";
		};
		7143A84D29FD91AD0064413A /* Fresh */ = {
			isa = PBXGroup;
			children = (
				714B353829FEE36A0062ED6E /* Common */,
				714B353729FEE3500062ED6E /* Features */,
				71423F3E29FDC6F900BABE4A /* Recources */,
				7143A84E29FD91AD0064413A /* FreshApp.swift */,
				714B353929FEE4010062ED6E /* AppDelegate.swift */,
			);
			path = Fresh;
			sourceTree = "<group>";
		};
		7143A85429FD91AE0064413A /* Preview Content */ = {
			isa = PBXGroup;
			children = (
				7143A85529FD91AE0064413A /* Preview Assets.xcassets */,
			);
			path = "Preview Content";
			sourceTree = "<group>";
		};
		7143A85E29FD91AE0064413A /* FreshTests */ = {
			isa = PBXGroup;
			children = (
				7143A85F29FD91AE0064413A /* FreshTests.swift */,
			);
			path = FreshTests;
			sourceTree = "<group>";
		};
		7143A86829FD91AE0064413A /* FreshUITests */ = {
			isa = PBXGroup;
			children = (
				7143A86929FD91AE0064413A /* FreshUITests.swift */,
				7143A86B29FD91AE0064413A /* FreshUITestsLaunchTests.swift */,
			);
			path = FreshUITests;
			sourceTree = "<group>";
		};
		714985102A001903000EE8DA /* Splash */ = {
			isa = PBXGroup;
			children = (
				714985112A00193C000EE8DA /* SplashView.swift */,
			);
			path = Splash;
			sourceTree = "<group>";
		};
		714B353729FEE3500062ED6E /* Features */ = {
			isa = PBXGroup;
			children = (
				714985102A001903000EE8DA /* Splash */,
				7143A85029FD91AD0064413A /* ContentView.swift */,
			);
			path = Features;
			sourceTree = "<group>";
		};
		714B353829FEE36A0062ED6E /* Common */ = {
			isa = PBXGroup;
			children = (
			);
			path = Common;
			sourceTree = "<group>";
		};
/* End PBXGroup section */

/* Begin PBXNativeTarget section */
		7143A84A29FD91AD0064413A /* Fresh */ = {
			isa = PBXNativeTarget;
			buildConfigurationList = 7143A86F29FD91AE0064413A /* Build configuration list for PBXNativeTarget "Fresh" */;
			buildPhases = (
				7143A84729FD91AD0064413A /* Sources */,
				7143A84829FD91AD0064413A /* Frameworks */,
				7143A84929FD91AD0064413A /* Resources */,
				7143A87829FD91C10064413A /* Run Swiftlint */,
				7143A87929FD91E00064413A /* Run Swiftformat */,
			);
			buildRules = (
			);
			dependencies = (
			);
			name = Fresh;
			productName = Fresh;
			productReference = 7143A84B29FD91AD0064413A /* Fresh.app */;
			productType = "com.apple.product-type.application";
		};
		7143A85A29FD91AE0064413A /* FreshTests */ = {
			isa = PBXNativeTarget;
			buildConfigurationList = 7143A87229FD91AE0064413A /* Build configuration list for PBXNativeTarget "FreshTests" */;
			buildPhases = (
				7143A85729FD91AE0064413A /* Sources */,
				7143A85829FD91AE0064413A /* Frameworks */,
				7143A85929FD91AE0064413A /* Resources */,
			);
			buildRules = (
			);
			dependencies = (
				7143A85D29FD91AE0064413A /* PBXTargetDependency */,
			);
			name = FreshTests;
			productName = FreshTests;
			productReference = 7143A85B29FD91AE0064413A /* FreshTests.xctest */;
			productType = "com.apple.product-type.bundle.unit-test";
		};
		7143A86429FD91AE0064413A /* FreshUITests */ = {
			isa = PBXNativeTarget;
			buildConfigurationList = 7143A87529FD91AE0064413A /* Build configuration list for PBXNativeTarget "FreshUITests" */;
			buildPhases = (
				7143A86129FD91AE0064413A /* Sources */,
				7143A86229FD91AE0064413A /* Frameworks */,
				7143A86329FD91AE0064413A /* Resources */,
			);
			buildRules = (
			);
			dependencies = (
				7143A86729FD91AE0064413A /* PBXTargetDependency */,
			);
			name = FreshUITests;
			productName = FreshUITests;
			productReference = 7143A86529FD91AE0064413A /* FreshUITests.xctest */;
			productType = "com.apple.product-type.bundle.ui-testing";
		};
/* End PBXNativeTarget section */

/* Begin PBXProject section */
		7143A84329FD91AD0064413A /* Project object */ = {
			isa = PBXProject;
			attributes = {
				BuildIndependentTargetsInParallel = 1;
				LastSwiftUpdateCheck = 1420;
				LastUpgradeCheck = 1420;
				TargetAttributes = {
					7143A84A29FD91AD0064413A = {
						CreatedOnToolsVersion = 14.2;
					};
					7143A85A29FD91AE0064413A = {
						CreatedOnToolsVersion = 14.2;
						TestTargetID = 7143A84A29FD91AD0064413A;
					};
					7143A86429FD91AE0064413A = {
						CreatedOnToolsVersion = 14.2;
						TestTargetID = 7143A84A29FD91AD0064413A;
					};
				};
			};
			buildConfigurationList = 7143A84629FD91AD0064413A /* Build configuration list for PBXProject "Fresh" */;
			compatibilityVersion = "Xcode 14.0";
			developmentRegion = en;
			hasScannedForEncodings = 0;
			knownRegions = (
				en,
				Base,
				tr,
			);
			mainGroup = 7143A84229FD91AD0064413A;
			productRefGroup = 7143A84C29FD91AD0064413A /* Products */;
			projectDirPath = "";
			projectRoot = "";
			targets = (
				7143A84A29FD91AD0064413A /* Fresh */,
				7143A85A29FD91AE0064413A /* FreshTests */,
				7143A86429FD91AE0064413A /* FreshUITests */,
			);
		};
/* End PBXProject section */

/* Begin PBXResourcesBuildPhase section */
		7143A84929FD91AD0064413A /* Resources */ = {
			isa = PBXResourcesBuildPhase;
			buildActionMask = 2147483647;
			files = (
				7143A85629FD91AE0064413A /* Preview Assets.xcassets in Resources */,
				7143A85329FD91AE0064413A /* Assets.xcassets in Resources */,
			);
			runOnlyForDeploymentPostprocessing = 0;
		};
		7143A85929FD91AE0064413A /* Resources */ = {
			isa = PBXResourcesBuildPhase;
			buildActionMask = 2147483647;
			files = (
			);
			runOnlyForDeploymentPostprocessing = 0;
		};
		7143A86329FD91AE0064413A /* Resources */ = {
			isa = PBXResourcesBuildPhase;
			buildActionMask = 2147483647;
			files = (
			);
			runOnlyForDeploymentPostprocessing = 0;
		};
/* End PBXResourcesBuildPhase section */

/* Begin PBXShellScriptBuildPhase section */
		7143A87829FD91C10064413A /* Run Swiftlint */ = {
			isa = PBXShellScriptBuildPhase;
			alwaysOutOfDate = 1;
			buildActionMask = 2147483647;
			files = (
			);
			inputFileListPaths = (
			);
			inputPaths = (
			);
			name = "Run Swiftlint";
			outputFileListPaths = (
			);
			outputPaths = (
			);
			runOnlyForDeploymentPostprocessing = 0;
			shellPath = /bin/sh;
			shellScript = "export PATH=\"$PATH:/opt/homebrew/bin\"\nif which swiftlint > /dev/null; then\n  swiftlint\nelse\n  echo \"warning: SwiftLint not installed, download from https://github.com/realm/SwiftLint\"\nfi\n";
		};
		7143A87929FD91E00064413A /* Run Swiftformat */ = {
			isa = PBXShellScriptBuildPhase;
			alwaysOutOfDate = 1;
			buildActionMask = 2147483647;
			files = (
			);
			inputFileListPaths = (
			);
			inputPaths = (
			);
			name = "Run Swiftformat";
			outputFileListPaths = (
			);
			outputPaths = (
			);
			runOnlyForDeploymentPostprocessing = 0;
			shellPath = /bin/sh;
			shellScript = "export PATH=\"$PATH:/opt/homebrew/bin\"\nif which swiftformat > /dev/null; then\n  swiftformat .\nelse\n  echo \"warning: SwiftFormat not installed, download from https://github.com/nicklockwood/SwiftFormat\"\nfi\n";
		};
/* End PBXShellScriptBuildPhase section */

/* Begin PBXSourcesBuildPhase section */
		7143A84729FD91AD0064413A /* Sources */ = {
			isa = PBXSourcesBuildPhase;
			buildActionMask = 2147483647;
			files = (
				714B353A29FEE4010062ED6E /* AppDelegate.swift in Sources */,
				714985122A00193C000EE8DA /* SplashView.swift in Sources */,
				7143A85129FD91AD0064413A /* ContentView.swift in Sources */,
				7143A84F29FD91AD0064413A /* FreshApp.swift in Sources */,
			);
			runOnlyForDeploymentPostprocessing = 0;
		};
		7143A85729FD91AE0064413A /* Sources */ = {
			isa = PBXSourcesBuildPhase;
			buildActionMask = 2147483647;
			files = (
				7143A86029FD91AE0064413A /* FreshTests.swift in Sources */,
			);
			runOnlyForDeploymentPostprocessing = 0;
		};
		7143A86129FD91AE0064413A /* Sources */ = {
			isa = PBXSourcesBuildPhase;
			buildActionMask = 2147483647;
			files = (
				7143A86A29FD91AE0064413A /* FreshUITests.swift in Sources */,
				7143A86C29FD91AE0064413A /* FreshUITestsLaunchTests.swift in Sources */,
			);
			runOnlyForDeploymentPostprocessing = 0;
		};
/* End PBXSourcesBuildPhase section */

/* Begin PBXTargetDependency section */
		7143A85D29FD91AE0064413A /* PBXTargetDependency */ = {
			isa = PBXTargetDependency;
			target = 7143A84A29FD91AD0064413A /* Fresh */;
			targetProxy = 7143A85C29FD91AE0064413A /* PBXContainerItemProxy */;
		};
		7143A86729FD91AE0064413A /* PBXTargetDependency */ = {
			isa = PBXTargetDependency;
			target = 7143A84A29FD91AD0064413A /* Fresh */;
			targetProxy = 7143A86629FD91AE0064413A /* PBXContainerItemProxy */;
		};
/* End PBXTargetDependency section */

/* Begin XCBuildConfiguration section */
		7143A86D29FD91AE0064413A /* Debug */ = {
			isa = XCBuildConfiguration;
			buildSettings = {
				ALWAYS_SEARCH_USER_PATHS = NO;
				CLANG_ANALYZER_NONNULL = YES;
				CLANG_ANALYZER_NUMBER_OBJECT_CONVERSION = YES_AGGRESSIVE;
				CLANG_CXX_LANGUAGE_STANDARD = "gnu++20";
				CLANG_ENABLE_MODULES = YES;
				CLANG_ENABLE_OBJC_ARC = YES;
				CLANG_ENABLE_OBJC_WEAK = YES;
				CLANG_WARN_BLOCK_CAPTURE_AUTORELEASING = YES;
				CLANG_WARN_BOOL_CONVERSION = YES;
				CLANG_WARN_COMMA = YES;
				CLANG_WARN_CONSTANT_CONVERSION = YES;
				CLANG_WARN_DEPRECATED_OBJC_IMPLEMENTATIONS = YES;
				CLANG_WARN_DIRECT_OBJC_ISA_USAGE = YES_ERROR;
				CLANG_WARN_DOCUMENTATION_COMMENTS = YES;
				CLANG_WARN_EMPTY_BODY = YES;
				CLANG_WARN_ENUM_CONVERSION = YES;
				CLANG_WARN_INFINITE_RECURSION = YES;
				CLANG_WARN_INT_CONVERSION = YES;
				CLANG_WARN_NON_LITERAL_NULL_CONVERSION = YES;
				CLANG_WARN_OBJC_IMPLICIT_RETAIN_SELF = YES;
				CLANG_WARN_OBJC_LITERAL_CONVERSION = YES;
				CLANG_WARN_OBJC_ROOT_CLASS = YES_ERROR;
				CLANG_WARN_QUOTED_INCLUDE_IN_FRAMEWORK_HEADER = YES;
				CLANG_WARN_RANGE_LOOP_ANALYSIS = YES;
				CLANG_WARN_STRICT_PROTOTYPES = YES;
				CLANG_WARN_SUSPICIOUS_MOVE = YES;
				CLANG_WARN_UNGUARDED_AVAILABILITY = YES_AGGRESSIVE;
				CLANG_WARN_UNREACHABLE_CODE = YES;
				CLANG_WARN__DUPLICATE_METHOD_MATCH = YES;
				COPY_PHASE_STRIP = NO;
				DEBUG_INFORMATION_FORMAT = dwarf;
				ENABLE_STRICT_OBJC_MSGSEND = YES;
				ENABLE_TESTABILITY = YES;
				GCC_C_LANGUAGE_STANDARD = gnu11;
				GCC_DYNAMIC_NO_PIC = NO;
				GCC_NO_COMMON_BLOCKS = YES;
				GCC_OPTIMIZATION_LEVEL = 0;
				GCC_PREPROCESSOR_DEFINITIONS = (
					"DEBUG=1",
					"$(inherited)",
				);
				GCC_WARN_64_TO_32_BIT_CONVERSION = YES;
				GCC_WARN_ABOUT_RETURN_TYPE = YES_ERROR;
				GCC_WARN_UNDECLARED_SELECTOR = YES;
				GCC_WARN_UNINITIALIZED_AUTOS = YES_AGGRESSIVE;
				GCC_WARN_UNUSED_FUNCTION = YES;
				GCC_WARN_UNUSED_VARIABLE = YES;
				IPHONEOS_DEPLOYMENT_TARGET = 16.2;
				MTL_ENABLE_DEBUG_INFO = INCLUDE_SOURCE;
				MTL_FAST_MATH = YES;
				ONLY_ACTIVE_ARCH = YES;
				SDKROOT = iphoneos;
				SWIFT_ACTIVE_COMPILATION_CONDITIONS = DEBUG;
				SWIFT_OPTIMIZATION_LEVEL = "-Onone";
			};
			name = Debug;
		};
		7143A86E29FD91AE0064413A /* Release */ = {
			isa = XCBuildConfiguration;
			buildSettings = {
				ALWAYS_SEARCH_USER_PATHS = NO;
				CLANG_ANALYZER_NONNULL = YES;
				CLANG_ANALYZER_NUMBER_OBJECT_CONVERSION = YES_AGGRESSIVE;
				CLANG_CXX_LANGUAGE_STANDARD = "gnu++20";
				CLANG_ENABLE_MODULES = YES;
				CLANG_ENABLE_OBJC_ARC = YES;
				CLANG_ENABLE_OBJC_WEAK = YES;
				CLANG_WARN_BLOCK_CAPTURE_AUTORELEASING = YES;
				CLANG_WARN_BOOL_CONVERSION = YES;
				CLANG_WARN_COMMA = YES;
				CLANG_WARN_CONSTANT_CONVERSION = YES;
				CLANG_WARN_DEPRECATED_OBJC_IMPLEMENTATIONS = YES;
				CLANG_WARN_DIRECT_OBJC_ISA_USAGE = YES_ERROR;
				CLANG_WARN_DOCUMENTATION_COMMENTS = YES;
				CLANG_WARN_EMPTY_BODY = YES;
				CLANG_WARN_ENUM_CONVERSION = YES;
				CLANG_WARN_INFINITE_RECURSION = YES;
				CLANG_WARN_INT_CONVERSION = YES;
				CLANG_WARN_NON_LITERAL_NULL_CONVERSION = YES;
				CLANG_WARN_OBJC_IMPLICIT_RETAIN_SELF = YES;
				CLANG_WARN_OBJC_LITERAL_CONVERSION = YES;
				CLANG_WARN_OBJC_ROOT_CLASS = YES_ERROR;
				CLANG_WARN_QUOTED_INCLUDE_IN_FRAMEWORK_HEADER = YES;
				CLANG_WARN_RANGE_LOOP_ANALYSIS = YES;
				CLANG_WARN_STRICT_PROTOTYPES = YES;
				CLANG_WARN_SUSPICIOUS_MOVE = YES;
				CLANG_WARN_UNGUARDED_AVAILABILITY = YES_AGGRESSIVE;
				CLANG_WARN_UNREACHABLE_CODE = YES;
				CLANG_WARN__DUPLICATE_METHOD_MATCH = YES;
				COPY_PHASE_STRIP = NO;
				DEBUG_INFORMATION_FORMAT = "dwarf-with-dsym";
				ENABLE_NS_ASSERTIONS = NO;
				ENABLE_STRICT_OBJC_MSGSEND = YES;
				GCC_C_LANGUAGE_STANDARD = gnu11;
				GCC_NO_COMMON_BLOCKS = YES;
				GCC_WARN_64_TO_32_BIT_CONVERSION = YES;
				GCC_WARN_ABOUT_RETURN_TYPE = YES_ERROR;
				GCC_WARN_UNDECLARED_SELECTOR = YES;
				GCC_WARN_UNINITIALIZED_AUTOS = YES_AGGRESSIVE;
				GCC_WARN_UNUSED_FUNCTION = YES;
				GCC_WARN_UNUSED_VARIABLE = YES;
				IPHONEOS_DEPLOYMENT_TARGET = 16.2;
				MTL_ENABLE_DEBUG_INFO = NO;
				MTL_FAST_MATH = YES;
				SDKROOT = iphoneos;
				SWIFT_COMPILATION_MODE = wholemodule;
				SWIFT_OPTIMIZATION_LEVEL = "-O";
				VALIDATE_PRODUCT = YES;
			};
			name = Release;
		};
		7143A87029FD91AE0064413A /* Debug */ = {
			isa = XCBuildConfiguration;
			buildSettings = {
				ASSETCATALOG_COMPILER_APPICON_NAME = AppIcon;
				ASSETCATALOG_COMPILER_GLOBAL_ACCENT_COLOR_NAME = AccentColor;
				CODE_SIGN_STYLE = Automatic;
				CURRENT_PROJECT_VERSION = 1;
				DEVELOPMENT_ASSET_PATHS = "\"Fresh/Recources/Preview Content\"";
				DEVELOPMENT_TEAM = AFTM288J9X;
				ENABLE_PREVIEWS = YES;
				GENERATE_INFOPLIST_FILE = YES;
				INFOPLIST_KEY_UIApplicationSceneManifest_Generation = YES;
				INFOPLIST_KEY_UIApplicationSupportsIndirectInputEvents = YES;
				INFOPLIST_KEY_UILaunchScreen_Generation = YES;
				INFOPLIST_KEY_UISupportedInterfaceOrientations_iPad = "UIInterfaceOrientationPortrait UIInterfaceOrientationPortraitUpsideDown UIInterfaceOrientationLandscapeLeft UIInterfaceOrientationLandscapeRight";
				INFOPLIST_KEY_UISupportedInterfaceOrientations_iPhone = "UIInterfaceOrientationPortrait UIInterfaceOrientationLandscapeLeft UIInterfaceOrientationLandscapeRight";
				LD_RUNPATH_SEARCH_PATHS = (
					"$(inherited)",
					"@executable_path/Frameworks",
				);
				MARKETING_VERSION = 1.0;
				PRODUCT_BUNDLE_IDENTIFIER = com.betulaksu.Fresh;
				PRODUCT_NAME = "$(TARGET_NAME)";
				SWIFT_EMIT_LOC_STRINGS = YES;
				SWIFT_VERSION = 5.0;
				TARGETED_DEVICE_FAMILY = "1,2";
			};
			name = Debug;
		};
		7143A87129FD91AE0064413A /* Release */ = {
			isa = XCBuildConfiguration;
			buildSettings = {
				ASSETCATALOG_COMPILER_APPICON_NAME = AppIcon;
				ASSETCATALOG_COMPILER_GLOBAL_ACCENT_COLOR_NAME = AccentColor;
				CODE_SIGN_STYLE = Automatic;
				CURRENT_PROJECT_VERSION = 1;
				DEVELOPMENT_ASSET_PATHS = "\"Fresh/Recources/Preview Content\"";
				DEVELOPMENT_TEAM = AFTM288J9X;
				ENABLE_PREVIEWS = YES;
				GENERATE_INFOPLIST_FILE = YES;
				INFOPLIST_KEY_UIApplicationSceneManifest_Generation = YES;
				INFOPLIST_KEY_UIApplicationSupportsIndirectInputEvents = YES;
				INFOPLIST_KEY_UILaunchScreen_Generation = YES;
				INFOPLIST_KEY_UISupportedInterfaceOrientations_iPad = "UIInterfaceOrientationPortrait UIInterfaceOrientationPortraitUpsideDown UIInterfaceOrientationLandscapeLeft UIInterfaceOrientationLandscapeRight";
				INFOPLIST_KEY_UISupportedInterfaceOrientations_iPhone = "UIInterfaceOrientationPortrait UIInterfaceOrientationLandscapeLeft UIInterfaceOrientationLandscapeRight";
				LD_RUNPATH_SEARCH_PATHS = (
					"$(inherited)",
					"@executable_path/Frameworks",
				);
				MARKETING_VERSION = 1.0;
				PRODUCT_BUNDLE_IDENTIFIER = com.betulaksu.Fresh;
				PRODUCT_NAME = "$(TARGET_NAME)";
				SWIFT_EMIT_LOC_STRINGS = YES;
				SWIFT_VERSION = 5.0;
				TARGETED_DEVICE_FAMILY = "1,2";
			};
			name = Release;
		};
		7143A87329FD91AE0064413A /* Debug */ = {
			isa = XCBuildConfiguration;
			buildSettings = {
				ALWAYS_EMBED_SWIFT_STANDARD_LIBRARIES = YES;
				BUNDLE_LOADER = "$(TEST_HOST)";
				CODE_SIGN_STYLE = Automatic;
				CURRENT_PROJECT_VERSION = 1;
				DEVELOPMENT_TEAM = AFTM288J9X;
				GENERATE_INFOPLIST_FILE = YES;
				IPHONEOS_DEPLOYMENT_TARGET = 16.2;
				MARKETING_VERSION = 1.0;
				PRODUCT_BUNDLE_IDENTIFIER = com.betulaksu.FreshTests;
				PRODUCT_NAME = "$(TARGET_NAME)";
				SWIFT_EMIT_LOC_STRINGS = NO;
				SWIFT_VERSION = 5.0;
				TARGETED_DEVICE_FAMILY = "1,2";
				TEST_HOST = "$(BUILT_PRODUCTS_DIR)/Fresh.app/$(BUNDLE_EXECUTABLE_FOLDER_PATH)/Fresh";
			};
			name = Debug;
		};
		7143A87429FD91AE0064413A /* Release */ = {
			isa = XCBuildConfiguration;
			buildSettings = {
				ALWAYS_EMBED_SWIFT_STANDARD_LIBRARIES = YES;
				BUNDLE_LOADER = "$(TEST_HOST)";
				CODE_SIGN_STYLE = Automatic;
				CURRENT_PROJECT_VERSION = 1;
				DEVELOPMENT_TEAM = AFTM288J9X;
				GENERATE_INFOPLIST_FILE = YES;
				IPHONEOS_DEPLOYMENT_TARGET = 16.2;
				MARKETING_VERSION = 1.0;
				PRODUCT_BUNDLE_IDENTIFIER = com.betulaksu.FreshTests;
				PRODUCT_NAME = "$(TARGET_NAME)";
				SWIFT_EMIT_LOC_STRINGS = NO;
				SWIFT_VERSION = 5.0;
				TARGETED_DEVICE_FAMILY = "1,2";
				TEST_HOST = "$(BUILT_PRODUCTS_DIR)/Fresh.app/$(BUNDLE_EXECUTABLE_FOLDER_PATH)/Fresh";
			};
			name = Release;
		};
		7143A87629FD91AE0064413A /* Debug */ = {
			isa = XCBuildConfiguration;
			buildSettings = {
				ALWAYS_EMBED_SWIFT_STANDARD_LIBRARIES = YES;
				CODE_SIGN_STYLE = Automatic;
				CURRENT_PROJECT_VERSION = 1;
				DEVELOPMENT_TEAM = AFTM288J9X;
				GENERATE_INFOPLIST_FILE = YES;
				MARKETING_VERSION = 1.0;
				PRODUCT_BUNDLE_IDENTIFIER = com.betulaksu.FreshUITests;
				PRODUCT_NAME = "$(TARGET_NAME)";
				SWIFT_EMIT_LOC_STRINGS = NO;
				SWIFT_VERSION = 5.0;
				TARGETED_DEVICE_FAMILY = "1,2";
				TEST_TARGET_NAME = Fresh;
			};
			name = Debug;
		};
		7143A87729FD91AE0064413A /* Release */ = {
			isa = XCBuildConfiguration;
			buildSettings = {
				ALWAYS_EMBED_SWIFT_STANDARD_LIBRARIES = YES;
				CODE_SIGN_STYLE = Automatic;
				CURRENT_PROJECT_VERSION = 1;
				DEVELOPMENT_TEAM = AFTM288J9X;
				GENERATE_INFOPLIST_FILE = YES;
				MARKETING_VERSION = 1.0;
				PRODUCT_BUNDLE_IDENTIFIER = com.betulaksu.FreshUITests;
				PRODUCT_NAME = "$(TARGET_NAME)";
				SWIFT_EMIT_LOC_STRINGS = NO;
				SWIFT_VERSION = 5.0;
				TARGETED_DEVICE_FAMILY = "1,2";
				TEST_TARGET_NAME = Fresh;
			};
			name = Release;
		};
/* End XCBuildConfiguration section */

/* Begin XCConfigurationList section */
		7143A84629FD91AD0064413A /* Build configuration list for PBXProject "Fresh" */ = {
			isa = XCConfigurationList;
			buildConfigurations = (
				7143A86D29FD91AE0064413A /* Debug */,
				7143A86E29FD91AE0064413A /* Release */,
			);
			defaultConfigurationIsVisible = 0;
			defaultConfigurationName = Release;
		};
		7143A86F29FD91AE0064413A /* Build configuration list for PBXNativeTarget "Fresh" */ = {
			isa = XCConfigurationList;
			buildConfigurations = (
				7143A87029FD91AE0064413A /* Debug */,
				7143A87129FD91AE0064413A /* Release */,
			);
			defaultConfigurationIsVisible = 0;
			defaultConfigurationName = Release;
		};
		7143A87229FD91AE0064413A /* Build configuration list for PBXNativeTarget "FreshTests" */ = {
			isa = XCConfigurationList;
			buildConfigurations = (
				7143A87329FD91AE0064413A /* Debug */,
				7143A87429FD91AE0064413A /* Release */,
			);
			defaultConfigurationIsVisible = 0;
			defaultConfigurationName = Release;
		};
		7143A87529FD91AE0064413A /* Build configuration list for PBXNativeTarget "FreshUITests" */ = {
			isa = XCConfigurationList;
			buildConfigurations = (
				7143A87629FD91AE0064413A /* Debug */,
				7143A87729FD91AE0064413A /* Release */,
			);
			defaultConfigurationIsVisible = 0;
			defaultConfigurationName = Release;
		};
/* End XCConfigurationList section */
	};
	rootObject = 7143A84329FD91AD0064413A /* Project object */;
}
